
Microsoft Visual Studio Solution File, Format Version 12.00
# Visual Studio Version 17
VisualStudioVersion = 17.9.34622.214
MinimumVisualStudioVersion = 10.0.40219.1
Project("{FAE04EC0-301F-11D3-BF4B-00C04F79EFBC}") = "QuotationAPI", "QuotationAPI\QuotationAPI.csproj", "{2BEF4D3E-E313-40AD-8FA0-1A42ABE7988C}"
	ProjectSection(ProjectDependencies) = postProject
		{22DE1593-81A2-4AA1-867A-ED6D1B25D08A} = {22DE1593-81A2-4AA1-867A-ED6D1B25D08A}
		{A03ECA5C-AD04-4570-B691-D834A7679F6E} = {A03ECA5C-AD04-4570-B691-D834A7679F6E}
	EndProjectSection
EndProject
Project("{FAE04EC0-301F-11D3-BF4B-00C04F79EFBC}") = "QuotationModels", "QuotationModels\QuotationModels.csproj", "{22DE1593-81A2-4AA1-867A-ED6D1B25D08A}"
EndProject
Project("{FAE04EC0-301F-11D3-BF4B-00C04F79EFBC}") = "QuotationBAL", "QuotationBAL\QuotationBAL.csproj", "{A03ECA5C-AD04-4570-B691-D834A7679F6E}"
	ProjectSection(ProjectDependencies) = postProject
		{22DE1593-81A2-4AA1-867A-ED6D1B25D08A} = {22DE1593-81A2-4AA1-867A-ED6D1B25D08A}
		{5DCFD197-A257-4E85-B2BB-0DD7EF948427} = {5DCFD197-A257-4E85-B2BB-0DD7EF948427}
	EndProjectSection
EndProject
Project("{FAE04EC0-301F-11D3-BF4B-00C04F79EFBC}") = "QuotationDAL", "QuotationDAL\QuotationDAL.csproj", "{5DCFD197-A257-4E85-B2BB-0DD7EF948427}"
	ProjectSection(ProjectDependencies) = postProject
		{22DE1593-81A2-4AA1-867A-ED6D1B25D08A} = {22DE1593-81A2-4AA1-867A-ED6D1B25D08A}
	EndProjectSection
EndProject
Global
	GlobalSection(SolutionConfigurationPlatforms) = preSolution
		Debug|Any CPU = Debug|Any CPU
		Release|Any CPU = Release|Any CPU
	EndGlobalSection
	GlobalSection(ProjectConfigurationPlatforms) = postSolution
		{2BEF4D3E-E313-40AD-8FA0-1A42ABE7988C}.Debug|Any CPU.ActiveCfg = Debug|Any CPU
		{2BEF4D3E-E313-40AD-8FA0-1A42ABE7988C}.Debug|Any CPU.Build.0 = Debug|Any CPU
		{2BEF4D3E-E313-40AD-8FA0-1A42ABE7988C}.Release|Any CPU.ActiveCfg = Release|Any CPU
		{2BEF4D3E-E313-40AD-8FA0-1A42ABE7988C}.Release|Any CPU.Build.0 = Release|Any CPU
		{22DE1593-81A2-4AA1-867A-ED6D1B25D08A}.Debug|Any CPU.ActiveCfg = Debug|Any CPU
		{22DE1593-81A2-4AA1-867A-ED6D1B25D08A}.Debug|Any CPU.Build.0 = Debug|Any CPU
		{22DE1593-81A2-4AA1-867A-ED6D1B25D08A}.Release|Any CPU.ActiveCfg = Release|Any CPU
		{22DE1593-81A2-4AA1-867A-ED6D1B25D08A}.Release|Any CPU.Build.0 = Release|Any CPU
		{A03ECA5C-AD04-4570-B691-D834A7679F6E}.Debug|Any CPU.ActiveCfg = Debug|Any CPU
		{A03ECA5C-AD04-4570-B691-D834A7679F6E}.Debug|Any CPU.Build.0 = Debug|Any CPU
		{A03ECA5C-AD04-4570-B691-D834A7679F6E}.Release|Any CPU.ActiveCfg = Release|Any CPU
		{A03ECA5C-AD04-4570-B691-D834A7679F6E}.Release|Any CPU.Build.0 = Release|Any CPU
		{5DCFD197-A257-4E85-B2BB-0DD7EF948427}.Debug|Any CPU.ActiveCfg = Debug|Any CPU
		{5DCFD197-A257-4E85-B2BB-0DD7EF948427}.Debug|Any CPU.Build.0 = Debug|Any CPU
		{5DCFD197-A257-4E85-B2BB-0DD7EF948427}.Release|Any CPU.ActiveCfg = Release|Any CPU
		{5DCFD197-A257-4E85-B2BB-0DD7EF948427}.Release|Any CPU.Build.0 = Release|Any CPU
	EndGlobalSection
	GlobalSection(SolutionProperties) = preSolution
		HideSolutionNode = FALSE
	EndGlobalSection
	GlobalSection(ExtensibilityGlobals) = postSolution
		SolutionGuid = {3B12A207-B8BA-4FCB-9C32-B654AE168BD1}
	EndGlobalSection
EndGlobal
